
Microsoft Visual Studio Solution File, Format Version 12.00
# Visual Studio Version 17
VisualStudioVersion = 17.3.32825.248
MinimumVisualStudioVersion = 10.0.40219.1
Project("{FAE04EC0-301F-11D3-BF4B-00C04F79EFBC}") = "WebApplication1", "WebApplication1\WebApplication1.csproj", "{0A7BCD9E-12FF-45BF-AA65-502D3F56575A}"
EndProject
Global
	GlobalSection(SolutionConfigurationPlatforms) = preSolution
		Debug|Any CPU = Debug|Any CPU
		Release|Any CPU = Release|Any CPU
	EndGlobalSection
	GlobalSection(ProjectConfigurationPlatforms) = postSolution
		{0A7BCD9E-12FF-45BF-AA65-502D3F56575A}.Debug|Any CPU.ActiveCfg = Debug|Any CPU
		{0A7BCD9E-12FF-45BF-AA65-502D3F56575A}.Debug|Any CPU.Build.0 = Debug|Any CPU
		{0A7BCD9E-12FF-45BF-AA65-502D3F56575A}.Release|Any CPU.ActiveCfg = Release|Any CPU
		{0A7BCD9E-12FF-45BF-AA65-502D3F56575A}.Release|Any CPU.Build.0 = Release|Any CPU
	EndGlobalSection
	GlobalSection(SolutionProperties) = preSolution
		HideSolutionNode = FALSE
	EndGlobalSection
	GlobalSection(ExtensibilityGlobals) = postSolution
		SolutionGuid = {C3E7A194-DB72-4646-AEF9-C5EBF0661169}
	EndGlobalSection
EndGlobal
